// !$*UTF8*$!
{
	archiveVersion = 1;
	classes = {
	};
	objectVersion = 50;
	objects = {

/* Begin PBXBuildFile section */
		2E65019722A652C400C0FA83 /* AppDelegate.swift in Sources */ = {isa = PBXBuildFile; fileRef = 2E65019622A652C400C0FA83 /* AppDelegate.swift */; };
		2E65019922A652C400C0FA83 /* SceneDelegate.swift in Sources */ = {isa = PBXBuildFile; fileRef = 2E65019822A652C400C0FA83 /* SceneDelegate.swift */; };
		2E65019D22A652C500C0FA83 /* Assets.xcassets in Resources */ = {isa = PBXBuildFile; fileRef = 2E65019C22A652C500C0FA83 /* Assets.xcassets */; };
		2E6501A022A652C500C0FA83 /* Preview Assets.xcassets in Resources */ = {isa = PBXBuildFile; fileRef = 2E65019F22A652C500C0FA83 /* Preview Assets.xcassets */; };
		2E6501A322A652C500C0FA83 /* LaunchScreen.storyboard in Resources */ = {isa = PBXBuildFile; fileRef = 2E6501A122A652C500C0FA83 /* LaunchScreen.storyboard */; };
		2E786D7122A6651100335385 /* TaskListView.swift in Sources */ = {isa = PBXBuildFile; fileRef = 2E786D7022A6651100335385 /* TaskListView.swift */; };
		2E786D7322A6652700335385 /* UserData.swift in Sources */ = {isa = PBXBuildFile; fileRef = 2E786D7222A6652700335385 /* UserData.swift */; };
		2E786D7522A6653B00335385 /* Task.swift in Sources */ = {isa = PBXBuildFile; fileRef = 2E786D7422A6653B00335385 /* Task.swift */; };
		2E786D7722A6676700335385 /* TaskItemView.swift in Sources */ = {isa = PBXBuildFile; fileRef = 2E786D7622A6676700335385 /* TaskItemView.swift */; };
		2E786D7922A6680700335385 /* TaskEditView.swift in Sources */ = {isa = PBXBuildFile; fileRef = 2E786D7822A6680700335385 /* TaskEditView.swift */; };
/* End PBXBuildFile section */

/* Begin PBXFileReference section */
		2E65019322A652C300C0FA83 /* TodoWithSwiftUI.app */ = {isa = PBXFileReference; explicitFileType = wrapper.application; includeInIndex = 0; path = TodoWithSwiftUI.app; sourceTree = BUILT_PRODUCTS_DIR; };
		2E65019622A652C400C0FA83 /* AppDelegate.swift */ = {isa = PBXFileReference; lastKnownFileType = sourcecode.swift; path = AppDelegate.swift; sourceTree = "<group>"; };
		2E65019822A652C400C0FA83 /* SceneDelegate.swift */ = {isa = PBXFileReference; lastKnownFileType = sourcecode.swift; path = SceneDelegate.swift; sourceTree = "<group>"; };
		2E65019C22A652C500C0FA83 /* Assets.xcassets */ = {isa = PBXFileReference; lastKnownFileType = folder.assetcatalog; path = Assets.xcassets; sourceTree = "<group>"; };
		2E65019F22A652C500C0FA83 /* Preview Assets.xcassets */ = {isa = PBXFileReference; lastKnownFileType = folder.assetcatalog; path = "Preview Assets.xcassets"; sourceTree = "<group>"; };
		2E6501A222A652C500C0FA83 /* Base */ = {isa = PBXFileReference; lastKnownFileType = file.storyboard; name = Base; path = Base.lproj/LaunchScreen.storyboard; sourceTree = "<group>"; };
		2E6501A422A652C500C0FA83 /* Info.plist */ = {isa = PBXFileReference; lastKnownFileType = text.plist.xml; path = Info.plist; sourceTree = "<group>"; };
		2E786D7022A6651100335385 /* TaskListView.swift */ = {isa = PBXFileReference; lastKnownFileType = sourcecode.swift; path = TaskListView.swift; sourceTree = "<group>"; };
		2E786D7222A6652700335385 /* UserData.swift */ = {isa = PBXFileReference; lastKnownFileType = sourcecode.swift; path = UserData.swift; sourceTree = "<group>"; };
		2E786D7422A6653B00335385 /* Task.swift */ = {isa = PBXFileReference; lastKnownFileType = sourcecode.swift; path = Task.swift; sourceTree = "<group>"; };
		2E786D7622A6676700335385 /* TaskItemView.swift */ = {isa = PBXFileReference; lastKnownFileType = sourcecode.swift; path = TaskItemView.swift; sourceTree = "<group>"; };
		2E786D7822A6680700335385 /* TaskEditView.swift */ = {isa = PBXFileReference; lastKnownFileType = sourcecode.swift; path = TaskEditView.swift; sourceTree = "<group>"; };
/* End PBXFileReference section */

/* Begin PBXFrameworksBuildPhase section */
		2E65019022A652C300C0FA83 /* Frameworks */ = {
			isa = PBXFrameworksBuildPhase;
			buildActionMask = 2147483647;
			files = (
			);
			runOnlyForDeploymentPostprocessing = 0;
		};
/* End PBXFrameworksBuildPhase section */

/* Begin PBXGroup section */
		2E65018A22A652C300C0FA83 = {
			isa = PBXGroup;
			children = (
				2E65019522A652C300C0FA83 /* TodoWithSwiftUI */,
				2E65019422A652C300C0FA83 /* Products */,
			);
			sourceTree = "<group>";
		};
		2E65019422A652C300C0FA83 /* Products */ = {
			isa = PBXGroup;
			children = (
				2E65019322A652C300C0FA83 /* TodoWithSwiftUI.app */,
			);
			name = Products;
			sourceTree = "<group>";
		};
		2E65019522A652C300C0FA83 /* TodoWithSwiftUI */ = {
			isa = PBXGroup;
			children = (
				2E65019622A652C400C0FA83 /* AppDelegate.swift */,
				2E65019822A652C400C0FA83 /* SceneDelegate.swift */,
				2E65019C22A652C500C0FA83 /* Assets.xcassets */,
				2E6501A122A652C500C0FA83 /* LaunchScreen.storyboard */,
				2E6501A422A652C500C0FA83 /* Info.plist */,
				2E65019E22A652C500C0FA83 /* Preview Content */,
				2E786D7022A6651100335385 /* TaskListView.swift */,
				2E786D7222A6652700335385 /* UserData.swift */,
				2E786D7422A6653B00335385 /* Task.swift */,
				2E786D7622A6676700335385 /* TaskItemView.swift */,
				2E786D7822A6680700335385 /* TaskEditView.swift */,
			);
			path = TodoWithSwiftUI;
			sourceTree = "<group>";
		};
		2E65019E22A652C500C0FA83 /* Preview Content */ = {
			isa = PBXGroup;
			children = (
				2E65019F22A652C500C0FA83 /* Preview Assets.xcassets */,
			);
			path = "Preview Content";
			sourceTree = "<group>";
		};
/* End PBXGroup section */

/* Begin PBXNativeTarget section */
		2E65019222A652C300C0FA83 /* TodoWithSwiftUI */ = {
			isa = PBXNativeTarget;
			buildConfigurationList = 2E6501A722A652C500C0FA83 /* Build configuration list for PBXNativeTarget "TodoWithSwiftUI" */;
			buildPhases = (
				2E65018F22A652C300C0FA83 /* Sources */,
				2E65019022A652C300C0FA83 /* Frameworks */,
				2E65019122A652C300C0FA83 /* Resources */,
			);
			buildRules = (
			);
			dependencies = (
			);
			name = TodoWithSwiftUI;
			productName = TodoWithSwiftUI;
			productReference = 2E65019322A652C300C0FA83 /* TodoWithSwiftUI.app */;
			productType = "com.apple.product-type.application";
		};
/* End PBXNativeTarget section */

/* Begin PBXProject section */
		2E65018B22A652C300C0FA83 /* Project object */ = {
			isa = PBXProject;
			attributes = {
				LastSwiftUpdateCheck = 1100;
				LastUpgradeCheck = 1100;
				ORGANIZATIONNAME = kkiathorn;
				TargetAttributes = {
					2E65019222A652C300C0FA83 = {
						CreatedOnToolsVersion = 11.0;
					};
				};
			};
			buildConfigurationList = 2E65018E22A652C300C0FA83 /* Build configuration list for PBXProject "TodoWithSwiftUI" */;
			compatibilityVersion = "Xcode 9.3";
			developmentRegion = en;
			hasScannedForEncodings = 0;
			knownRegions = (
				en,
				Base,
			);
			mainGroup = 2E65018A22A652C300C0FA83;
			productRefGroup = 2E65019422A652C300C0FA83 /* Products */;
			projectDirPath = "";
			projectRoot = "";
			targets = (
				2E65019222A652C300C0FA83 /* TodoWithSwiftUI */,
			);
		};
/* End PBXProject section */

/* Begin PBXResourcesBuildPhase section */
		2E65019122A652C300C0FA83 /* Resources */ = {
			isa = PBXResourcesBuildPhase;
			buildActionMask = 2147483647;
			files = (
				2E6501A322A652C500C0FA83 /* LaunchScreen.storyboard in Resources */,
				2E6501A022A652C500C0FA83 /* Preview Assets.xcassets in Resources */,
				2E65019D22A652C500C0FA83 /* Assets.xcassets in Resources */,
			);
			runOnlyForDeploymentPostprocessing = 0;
		};
/* End PBXResourcesBuildPhase section */

/* Begin PBXSourcesBuildPhase section */
		2E65018F22A652C300C0FA83 /* Sources */ = {
			isa = PBXSourcesBuildPhase;
			buildActionMask = 2147483647;
			files = (
				2E65019722A652C400C0FA83 /* AppDelegate.swift in Sources */,
				2E786D7922A6680700335385 /* TaskEditView.swift in Sources */,
				2E65019922A652C400C0FA83 /* SceneDelegate.swift in Sources */,
				2E786D7722A6676700335385 /* TaskItemView.swift in Sources */,
				2E786D7322A6652700335385 /* UserData.swift in Sources */,
				2E786D7522A6653B00335385 /* Task.swift in Sources */,
				2E786D7122A6651100335385 /* TaskListView.swift in Sources */,
			);
			runOnlyForDeploymentPostprocessing = 0;
		};
/* End PBXSourcesBuildPhase section */

/* Begin PBXVariantGroup section */
		2E6501A122A652C500C0FA83 /* LaunchScreen.storyboard */ = {
			isa = PBXVariantGroup;
			children = (
				2E6501A222A652C500C0FA83 /* Base */,
			);
			name = LaunchScreen.storyboard;
			sourceTree = "<group>";
		};
/* End PBXVariantGroup section */

/* Begin XCBuildConfiguration section */
		2E6501A522A652C500C0FA83 /* Debug */ = {
			isa = XCBuildConfiguration;
			buildSettings = {
				ALWAYS_SEARCH_USER_PATHS = NO;
				CLANG_ANALYZER_NONNULL = YES;
				CLANG_ANALYZER_NUMBER_OBJECT_CONVERSION = YES_AGGRESSIVE;
				CLANG_CXX_LANGUAGE_STANDARD = "gnu++14";
				CLANG_CXX_LIBRARY = "libc++";
				CLANG_ENABLE_MODULES = YES;
				CLANG_ENABLE_OBJC_ARC = YES;
				CLANG_ENABLE_OBJC_WEAK = YES;
				CLANG_WARN_BLOCK_CAPTURE_AUTORELEASING = YES;
				CLANG_WARN_BOOL_CONVERSION = YES;
				CLANG_WARN_COMMA = YES;
				CLANG_WARN_CONSTANT_CONVERSION = YES;
				CLANG_WARN_DEPRECATED_OBJC_IMPLEMENTATIONS = YES;
				CLANG_WARN_DIRECT_OBJC_ISA_USAGE = YES_ERROR;
				CLANG_WARN_DOCUMENTATION_COMMENTS = YES;
				CLANG_WARN_EMPTY_BODY = YES;
				CLANG_WARN_ENUM_CONVERSION = YES;
				CLANG_WARN_INFINITE_RECURSION = YES;
				CLANG_WARN_INT_CONVERSION = YES;
				CLANG_WARN_NON_LITERAL_NULL_CONVERSION = YES;
				CLANG_WARN_OBJC_IMPLICIT_RETAIN_SELF = YES;
				CLANG_WARN_OBJC_LITERAL_CONVERSION = YES;
				CLANG_WARN_OBJC_ROOT_CLASS = YES_ERROR;
				CLANG_WARN_RANGE_LOOP_ANALYSIS = YES;
				CLANG_WARN_STRICT_PROTOTYPES = YES;
				CLANG_WARN_SUSPICIOUS_MOVE = YES;
				CLANG_WARN_UNGUARDED_AVAILABILITY = YES_AGGRESSIVE;
				CLANG_WARN_UNREACHABLE_CODE = YES;
				CLANG_WARN__DUPLICATE_METHOD_MATCH = YES;
				COPY_PHASE_STRIP = NO;
				DEBUG_INFORMATION_FORMAT = dwarf;
				ENABLE_STRICT_OBJC_MSGSEND = YES;
				ENABLE_TESTABILITY = YES;
				GCC_C_LANGUAGE_STANDARD = gnu11;
				GCC_DYNAMIC_NO_PIC = NO;
				GCC_NO_COMMON_BLOCKS = YES;
				GCC_OPTIMIZATION_LEVEL = 0;
				GCC_PREPROCESSOR_DEFINITIONS = (
					"DEBUG=1",
					"$(inherited)",
				);
				GCC_WARN_64_TO_32_BIT_CONVERSION = YES;
				GCC_WARN_ABOUT_RETURN_TYPE = YES_ERROR;
				GCC_WARN_UNDECLARED_SELECTOR = YES;
				GCC_WARN_UNINITIALIZED_AUTOS = YES_AGGRESSIVE;
				GCC_WARN_UNUSED_FUNCTION = YES;
				GCC_WARN_UNUSED_VARIABLE = YES;
				IPHONEOS_DEPLOYMENT_TARGET = 13.0;
				MTL_ENABLE_DEBUG_INFO = INCLUDE_SOURCE;
				MTL_FAST_MATH = YES;
				ONLY_ACTIVE_ARCH = YES;
				SDKROOT = iphoneos;
				SWIFT_ACTIVE_COMPILATION_CONDITIONS = DEBUG;
				SWIFT_OPTIMIZATION_LEVEL = "-Onone";
			};
			name = Debug;
		};
		2E6501A622A652C500C0FA83 /* Release */ = {
			isa = XCBuildConfiguration;
			buildSettings = {
				ALWAYS_SEARCH_USER_PATHS = NO;
				CLANG_ANALYZER_NONNULL = YES;
				CLANG_ANALYZER_NUMBER_OBJECT_CONVERSION = YES_AGGRESSIVE;
				CLANG_CXX_LANGUAGE_STANDARD = "gnu++14";
				CLANG_CXX_LIBRARY = "libc++";
				CLANG_ENABLE_MODULES = YES;
				CLANG_ENABLE_OBJC_ARC = YES;
				CLANG_ENABLE_OBJC_WEAK = YES;
				CLANG_WARN_BLOCK_CAPTURE_AUTORELEASING = YES;
				CLANG_WARN_BOOL_CONVERSION = YES;
				CLANG_WARN_COMMA = YES;
				CLANG_WARN_CONSTANT_CONVERSION = YES;
				CLANG_WARN_DEPRECATED_OBJC_IMPLEMENTATIONS = YES;
				CLANG_WARN_DIRECT_OBJC_ISA_USAGE = YES_ERROR;
				CLANG_WARN_DOCUMENTATION_COMMENTS = YES;
				CLANG_WARN_EMPTY_BODY = YES;
				CLANG_WARN_ENUM_CONVERSION = YES;
				CLANG_WARN_INFINITE_RECURSION = YES;
				CLANG_WARN_INT_CONVERSION = YES;
				CLANG_WARN_NON_LITERAL_NULL_CONVERSION = YES;
				CLANG_WARN_OBJC_IMPLICIT_RETAIN_SELF = YES;
				CLANG_WARN_OBJC_LITERAL_CONVERSION = YES;
				CLANG_WARN_OBJC_ROOT_CLASS = YES_ERROR;
				CLANG_WARN_RANGE_LOOP_ANALYSIS = YES;
				CLANG_WARN_STRICT_PROTOTYPES = YES;
				CLANG_WARN_SUSPICIOUS_MOVE = YES;
				CLANG_WARN_UNGUARDED_AVAILABILITY = YES_AGGRESSIVE;
				CLANG_WARN_UNREACHABLE_CODE = YES;
				CLANG_WARN__DUPLICATE_METHOD_MATCH = YES;
				COPY_PHASE_STRIP = NO;
				DEBUG_INFORMATION_FORMAT = "dwarf-with-dsym";
				ENABLE_NS_ASSERTIONS = NO;
				ENABLE_STRICT_OBJC_MSGSEND = YES;
				GCC_C_LANGUAGE_STANDARD = gnu11;
				GCC_NO_COMMON_BLOCKS = YES;
				GCC_WARN_64_TO_32_BIT_CONVERSION = YES;
				GCC_WARN_ABOUT_RETURN_TYPE = YES_ERROR;
				GCC_WARN_UNDECLARED_SELECTOR = YES;
				GCC_WARN_UNINITIALIZED_AUTOS = YES_AGGRESSIVE;
				GCC_WARN_UNUSED_FUNCTION = YES;
				GCC_WARN_UNUSED_VARIABLE = YES;
				IPHONEOS_DEPLOYMENT_TARGET = 13.0;
				MTL_ENABLE_DEBUG_INFO = NO;
				MTL_FAST_MATH = YES;
				SDKROOT = iphoneos;
				SWIFT_COMPILATION_MODE = wholemodule;
				SWIFT_OPTIMIZATION_LEVEL = "-O";
				VALIDATE_PRODUCT = YES;
			};
			name = Release;
		};
		2E6501A822A652C500C0FA83 /* Debug */ = {
			isa = XCBuildConfiguration;
			buildSettings = {
				ASSETCATALOG_COMPILER_APPICON_NAME = AppIcon;
				CODE_SIGN_STYLE = Automatic;
				DEVELOPMENT_ASSET_PATHS = "TodoWithSwiftUI/Preview\\ Content";
				ENABLE_PREVIEWS = YES;
				INFOPLIST_FILE = TodoWithSwiftUI/Info.plist;
				IPHONEOS_DEPLOYMENT_TARGET = 13.0;
				LD_RUNPATH_SEARCH_PATHS = (
					"$(inherited)",
					"@executable_path/Frameworks",
				);
				PRODUCT_BUNDLE_IDENTIFIER = com.kkiatorn.TodoWithSwiftUI;
				PRODUCT_NAME = "$(TARGET_NAME)";
				SWIFT_VERSION = 5.0;
				TARGETED_DEVICE_FAMILY = "1,2";
			};
			name = Debug;
		};
		2E6501A922A652C500C0FA83 /* Release */ = {
			isa = XCBuildConfiguration;
			buildSettings = {
				ASSETCATALOG_COMPILER_APPICON_NAME = AppIcon;
				CODE_SIGN_STYLE = Automatic;
				DEVELOPMENT_ASSET_PATHS = "TodoWithSwiftUI/Preview\\ Content";
				ENABLE_PREVIEWS = YES;
				INFOPLIST_FILE = TodoWithSwiftUI/Info.plist;
				IPHONEOS_DEPLOYMENT_TARGET = 13.0;
				LD_RUNPATH_SEARCH_PATHS = (
					"$(inherited)",
					"@executable_path/Frameworks",
				);
				PRODUCT_BUNDLE_IDENTIFIER = com.kkiatorn.TodoWithSwiftUI;
				PRODUCT_NAME = "$(TARGET_NAME)";
				SWIFT_VERSION = 5.0;
				TARGETED_DEVICE_FAMILY = "1,2";
			};
			name = Release;
		};
/* End XCBuildConfiguration section */

/* Begin XCConfigurationList section */
		2E65018E22A652C300C0FA83 /* Build configuration list for PBXProject "TodoWithSwiftUI" */ = {
			isa = XCConfigurationList;
			buildConfigurations = (
				2E6501A522A652C500C0FA83 /* Debug */,
				2E6501A622A652C500C0FA83 /* Release */,
			);
			defaultConfigurationIsVisible = 0;
			defaultConfigurationName = Release;
		};
		2E6501A722A652C500C0FA83 /* Build configuration list for PBXNativeTarget "TodoWithSwiftUI" */ = {
			isa = XCConfigurationList;
			buildConfigurations = (
				2E6501A822A652C500C0FA83 /* Debug */,
				2E6501A922A652C500C0FA83 /* Release */,
			);
			defaultConfigurationIsVisible = 0;
			defaultConfigurationName = Release;
		};
/* End XCConfigurationList section */
	};
	rootObject = 2E65018B22A652C300C0FA83 /* Project object */;
}
